
Microsoft Visual Studio Solution File, Format Version 9.00
# Visual Studio 2005
Project("{8BC9CEB8-8B4A-11D0-8D11-00A0C91BC942}") = "SMDExporter", "SMDExporter.vcproj", "{F008D6BF-03B5-46BA-A757-DD081AF61206}"
EndProject
Global
	GlobalSection(SolutionConfigurationPlatforms) = preSolution
		Debug|Win32 = Debug|Win32
		Release|Win32 = Release|Win32
	EndGlobalSection
	GlobalSection(ProjectConfigurationPlatforms) = postSolution
		{F008D6BF-03B5-46BA-A757-DD081AF61206}.Debug|Win32.ActiveCfg = Debug|Win32
		{F008D6BF-03B5-46BA-A757-DD081AF61206}.Debug|Win32.Build.0 = Debug|Win32
		{F008D6BF-03B5-46BA-A757-DD081AF61206}.Release|Win32.ActiveCfg = Release|Win32
		{F008D6BF-03B5-46BA-A757-DD081AF61206}.Release|Win32.Build.0 = Release|Win32
	EndGlobalSection
	GlobalSection(SolutionProperties) = preSolution
		HideSolutionNode = FALSE
	EndGlobalSection
EndGlobal
