
Microsoft Visual Studio Solution File, Format Version 9.00
# Visual Studio 2005
Project("{8BC9CEB8-8B4A-11D0-8D11-00A0C91BC942}") = "etCore", "etCore.vcproj", "{E0056C2E-3312-46BA-B906-3E486EB38B9E}"
EndProject
Global
	GlobalSection(SolutionConfigurationPlatforms) = preSolution
		Debug|Win32 = Debug|Win32
		Release|Win32 = Release|Win32
	EndGlobalSection
	GlobalSection(ProjectConfigurationPlatforms) = postSolution
		{E0056C2E-3312-46BA-B906-3E486EB38B9E}.Debug|Win32.ActiveCfg = Debug|Win32
		{E0056C2E-3312-46BA-B906-3E486EB38B9E}.Debug|Win32.Build.0 = Debug|Win32
		{E0056C2E-3312-46BA-B906-3E486EB38B9E}.Release|Win32.ActiveCfg = Release|Win32
		{E0056C2E-3312-46BA-B906-3E486EB38B9E}.Release|Win32.Build.0 = Release|Win32
	EndGlobalSection
	GlobalSection(SolutionProperties) = preSolution
		HideSolutionNode = FALSE
	EndGlobalSection
EndGlobal
